// !$*UTF8*$!
{
	archiveVersion = 1;
	classes = {
	};
	objectVersion = 50;
	objects = {

/* Begin PBXBuildFile section */
		2CC7ACB226E9169200B4B239 /* AppDelegate.swift in Sources */ = {isa = PBXBuildFile; fileRef = 2CC7ACB126E9169200B4B239 /* AppDelegate.swift */; };
		2CC7ACB426E9169200B4B239 /* SceneDelegate.swift in Sources */ = {isa = PBXBuildFile; fileRef = 2CC7ACB326E9169200B4B239 /* SceneDelegate.swift */; };
		2CC7ACB926E9169200B4B239 /* Main.storyboard in Resources */ = {isa = PBXBuildFile; fileRef = 2CC7ACB726E9169200B4B239 /* Main.storyboard */; };
		2CC7ACBB26E9169300B4B239 /* Assets.xcassets in Resources */ = {isa = PBXBuildFile; fileRef = 2CC7ACBA26E9169300B4B239 /* Assets.xcassets */; };
		2CC7ACBE26E9169300B4B239 /* LaunchScreen.storyboard in Resources */ = {isa = PBXBuildFile; fileRef = 2CC7ACBC26E9169300B4B239 /* LaunchScreen.storyboard */; };
		2CC7ACC626E9199400B4B239 /* ContactsListViewController.swift in Sources */ = {isa = PBXBuildFile; fileRef = 2CC7ACC526E9199400B4B239 /* ContactsListViewController.swift */; };
		2CC7ACC826E919CE00B4B239 /* FullContactsListViewController.swift in Sources */ = {isa = PBXBuildFile; fileRef = 2CC7ACC726E919CE00B4B239 /* FullContactsListViewController.swift */; };
		2CC7ACCE26E91EAD00B4B239 /* ContactDetailsViewController.swift in Sources */ = {isa = PBXBuildFile; fileRef = 2CC7ACCD26E91EAD00B4B239 /* ContactDetailsViewController.swift */; };
		2CC7ACD126E9200D00B4B239 /* Contact.swift in Sources */ = {isa = PBXBuildFile; fileRef = 2CC7ACD026E9200D00B4B239 /* Contact.swift */; };
/* End PBXBuildFile section */

/* Begin PBXFileReference section */
		2CC7ACAE26E9169200B4B239 /* ContactList.app */ = {isa = PBXFileReference; explicitFileType = wrapper.application; includeInIndex = 0; path = ContactList.app; sourceTree = BUILT_PRODUCTS_DIR; };
		2CC7ACB126E9169200B4B239 /* AppDelegate.swift */ = {isa = PBXFileReference; lastKnownFileType = sourcecode.swift; path = AppDelegate.swift; sourceTree = "<group>"; };
		2CC7ACB326E9169200B4B239 /* SceneDelegate.swift */ = {isa = PBXFileReference; lastKnownFileType = sourcecode.swift; path = SceneDelegate.swift; sourceTree = "<group>"; };
		2CC7ACB826E9169200B4B239 /* Base */ = {isa = PBXFileReference; lastKnownFileType = file.storyboard; name = Base; path = Base.lproj/Main.storyboard; sourceTree = "<group>"; };
		2CC7ACBA26E9169300B4B239 /* Assets.xcassets */ = {isa = PBXFileReference; lastKnownFileType = folder.assetcatalog; path = Assets.xcassets; sourceTree = "<group>"; };
		2CC7ACBD26E9169300B4B239 /* Base */ = {isa = PBXFileReference; lastKnownFileType = file.storyboard; name = Base; path = Base.lproj/LaunchScreen.storyboard; sourceTree = "<group>"; };
		2CC7ACBF26E9169300B4B239 /* Info.plist */ = {isa = PBXFileReference; lastKnownFileType = text.plist.xml; path = Info.plist; sourceTree = "<group>"; };
		2CC7ACC526E9199400B4B239 /* ContactsListViewController.swift */ = {isa = PBXFileReference; lastKnownFileType = sourcecode.swift; path = ContactsListViewController.swift; sourceTree = "<group>"; };
		2CC7ACC726E919CE00B4B239 /* FullContactsListViewController.swift */ = {isa = PBXFileReference; lastKnownFileType = sourcecode.swift; path = FullContactsListViewController.swift; sourceTree = "<group>"; };
		2CC7ACCD26E91EAD00B4B239 /* ContactDetailsViewController.swift */ = {isa = PBXFileReference; lastKnownFileType = sourcecode.swift; path = ContactDetailsViewController.swift; sourceTree = "<group>"; };
		2CC7ACD026E9200D00B4B239 /* Contact.swift */ = {isa = PBXFileReference; lastKnownFileType = sourcecode.swift; path = Contact.swift; sourceTree = "<group>"; };
/* End PBXFileReference section */

/* Begin PBXFrameworksBuildPhase section */
		2CC7ACAB26E9169200B4B239 /* Frameworks */ = {
			isa = PBXFrameworksBuildPhase;
			buildActionMask = 2147483647;
			files = (
			);
			runOnlyForDeploymentPostprocessing = 0;
		};
/* End PBXFrameworksBuildPhase section */

/* Begin PBXGroup section */
		2CC7ACA526E9169200B4B239 = {
			isa = PBXGroup;
			children = (
				2CC7ACB026E9169200B4B239 /* ContactList */,
				2CC7ACAF26E9169200B4B239 /* Products */,
			);
			sourceTree = "<group>";
		};
		2CC7ACAF26E9169200B4B239 /* Products */ = {
			isa = PBXGroup;
			children = (
				2CC7ACAE26E9169200B4B239 /* ContactList.app */,
			);
			name = Products;
			sourceTree = "<group>";
		};
		2CC7ACB026E9169200B4B239 /* ContactList */ = {
			isa = PBXGroup;
			children = (
				2CC7ACC926E91AC900B4B239 /* ViewControllers */,
				2CC7ACCA26E91AF000B4B239 /* Storyboards */,
				2CC7ACCF26E91FDE00B4B239 /* Model */,
				2CC7ACCC26E91B1300B4B239 /* App */,
				2CC7ACCB26E91B0000B4B239 /* Sources */,
			);
			path = ContactList;
			sourceTree = "<group>";
		};
		2CC7ACC926E91AC900B4B239 /* ViewControllers */ = {
			isa = PBXGroup;
			children = (
				2CC7ACC526E9199400B4B239 /* ContactsListViewController.swift */,
				2CC7ACCD26E91EAD00B4B239 /* ContactDetailsViewController.swift */,
				2CC7ACC726E919CE00B4B239 /* FullContactsListViewController.swift */,
			);
			path = ViewControllers;
			sourceTree = "<group>";
		};
		2CC7ACCA26E91AF000B4B239 /* Storyboards */ = {
			isa = PBXGroup;
			children = (
				2CC7ACB726E9169200B4B239 /* Main.storyboard */,
				2CC7ACBC26E9169300B4B239 /* LaunchScreen.storyboard */,
			);
			path = Storyboards;
			sourceTree = "<group>";
		};
		2CC7ACCB26E91B0000B4B239 /* Sources */ = {
			isa = PBXGroup;
			children = (
				2CC7ACBA26E9169300B4B239 /* Assets.xcassets */,
			);
			path = Sources;
			sourceTree = "<group>";
		};
		2CC7ACCC26E91B1300B4B239 /* App */ = {
			isa = PBXGroup;
			children = (
				2CC7ACB126E9169200B4B239 /* AppDelegate.swift */,
				2CC7ACB326E9169200B4B239 /* SceneDelegate.swift */,
				2CC7ACBF26E9169300B4B239 /* Info.plist */,
			);
			path = App;
			sourceTree = "<group>";
		};
		2CC7ACCF26E91FDE00B4B239 /* Model */ = {
			isa = PBXGroup;
			children = (
				2CC7ACD026E9200D00B4B239 /* Contact.swift */,
			);
			path = Model;
			sourceTree = "<group>";
		};
/* End PBXGroup section */

/* Begin PBXNativeTarget section */
		2CC7ACAD26E9169200B4B239 /* ContactList */ = {
			isa = PBXNativeTarget;
			buildConfigurationList = 2CC7ACC226E9169300B4B239 /* Build configuration list for PBXNativeTarget "ContactList" */;
			buildPhases = (
				2CC7ACAA26E9169200B4B239 /* Sources */,
				2CC7ACAB26E9169200B4B239 /* Frameworks */,
				2CC7ACAC26E9169200B4B239 /* Resources */,
			);
			buildRules = (
			);
			dependencies = (
			);
			name = ContactList;
			productName = ContactList;
			productReference = 2CC7ACAE26E9169200B4B239 /* ContactList.app */;
			productType = "com.apple.product-type.application";
		};
/* End PBXNativeTarget section */

/* Begin PBXProject section */
		2CC7ACA626E9169200B4B239 /* Project object */ = {
			isa = PBXProject;
			attributes = {
				LastSwiftUpdateCheck = 1250;
				LastUpgradeCheck = 1250;
				TargetAttributes = {
					2CC7ACAD26E9169200B4B239 = {
						CreatedOnToolsVersion = 12.5.1;
					};
				};
			};
			buildConfigurationList = 2CC7ACA926E9169200B4B239 /* Build configuration list for PBXProject "ContactList" */;
			compatibilityVersion = "Xcode 9.3";
			developmentRegion = en;
			hasScannedForEncodings = 0;
			knownRegions = (
				en,
				Base,
			);
			mainGroup = 2CC7ACA526E9169200B4B239;
			productRefGroup = 2CC7ACAF26E9169200B4B239 /* Products */;
			projectDirPath = "";
			projectRoot = "";
			targets = (
				2CC7ACAD26E9169200B4B239 /* ContactList */,
			);
		};
/* End PBXProject section */

/* Begin PBXResourcesBuildPhase section */
		2CC7ACAC26E9169200B4B239 /* Resources */ = {
			isa = PBXResourcesBuildPhase;
			buildActionMask = 2147483647;
			files = (
				2CC7ACBE26E9169300B4B239 /* LaunchScreen.storyboard in Resources */,
				2CC7ACBB26E9169300B4B239 /* Assets.xcassets in Resources */,
				2CC7ACB926E9169200B4B239 /* Main.storyboard in Resources */,
			);
			runOnlyForDeploymentPostprocessing = 0;
		};
/* End PBXResourcesBuildPhase section */

/* Begin PBXSourcesBuildPhase section */
		2CC7ACAA26E9169200B4B239 /* Sources */ = {
			isa = PBXSourcesBuildPhase;
			buildActionMask = 2147483647;
			files = (
				2CC7ACD126E9200D00B4B239 /* Contact.swift in Sources */,
				2CC7ACCE26E91EAD00B4B239 /* ContactDetailsViewController.swift in Sources */,
				2CC7ACC826E919CE00B4B239 /* FullContactsListViewController.swift in Sources */,
				2CC7ACC626E9199400B4B239 /* ContactsListViewController.swift in Sources */,
				2CC7ACB226E9169200B4B239 /* AppDelegate.swift in Sources */,
				2CC7ACB426E9169200B4B239 /* SceneDelegate.swift in Sources */,
			);
			runOnlyForDeploymentPostprocessing = 0;
		};
/* End PBXSourcesBuildPhase section */

/* Begin PBXVariantGroup section */
		2CC7ACB726E9169200B4B239 /* Main.storyboard */ = {
			isa = PBXVariantGroup;
			children = (
				2CC7ACB826E9169200B4B239 /* Base */,
			);
			name = Main.storyboard;
			sourceTree = "<group>";
		};
		2CC7ACBC26E9169300B4B239 /* LaunchScreen.storyboard */ = {
			isa = PBXVariantGroup;
			children = (
				2CC7ACBD26E9169300B4B239 /* Base */,
			);
			name = LaunchScreen.storyboard;
			sourceTree = "<group>";
		};
/* End PBXVariantGroup section */

/* Begin XCBuildConfiguration section */
		2CC7ACC026E9169300B4B239 /* Debug */ = {
			isa = XCBuildConfiguration;
			buildSettings = {
				ALWAYS_SEARCH_USER_PATHS = NO;
				CLANG_ANALYZER_NONNULL = YES;
				CLANG_ANALYZER_NUMBER_OBJECT_CONVERSION = YES_AGGRESSIVE;
				CLANG_CXX_LANGUAGE_STANDARD = "gnu++14";
				CLANG_CXX_LIBRARY = "libc++";
				CLANG_ENABLE_MODULES = YES;
				CLANG_ENABLE_OBJC_ARC = YES;
				CLANG_ENABLE_OBJC_WEAK = YES;
				CLANG_WARN_BLOCK_CAPTURE_AUTORELEASING = YES;
				CLANG_WARN_BOOL_CONVERSION = YES;
				CLANG_WARN_COMMA = YES;
				CLANG_WARN_CONSTANT_CONVERSION = YES;
				CLANG_WARN_DEPRECATED_OBJC_IMPLEMENTATIONS = YES;
				CLANG_WARN_DIRECT_OBJC_ISA_USAGE = YES_ERROR;
				CLANG_WARN_DOCUMENTATION_COMMENTS = YES;
				CLANG_WARN_EMPTY_BODY = YES;
				CLANG_WARN_ENUM_CONVERSION = YES;
				CLANG_WARN_INFINITE_RECURSION = YES;
				CLANG_WARN_INT_CONVERSION = YES;
				CLANG_WARN_NON_LITERAL_NULL_CONVERSION = YES;
				CLANG_WARN_OBJC_IMPLICIT_RETAIN_SELF = YES;
				CLANG_WARN_OBJC_LITERAL_CONVERSION = YES;
				CLANG_WARN_OBJC_ROOT_CLASS = YES_ERROR;
				CLANG_WARN_QUOTED_INCLUDE_IN_FRAMEWORK_HEADER = YES;
				CLANG_WARN_RANGE_LOOP_ANALYSIS = YES;
				CLANG_WARN_STRICT_PROTOTYPES = YES;
				CLANG_WARN_SUSPICIOUS_MOVE = YES;
				CLANG_WARN_UNGUARDED_AVAILABILITY = YES_AGGRESSIVE;
				CLANG_WARN_UNREACHABLE_CODE = YES;
				CLANG_WARN__DUPLICATE_METHOD_MATCH = YES;
				COPY_PHASE_STRIP = NO;
				DEBUG_INFORMATION_FORMAT = dwarf;
				ENABLE_STRICT_OBJC_MSGSEND = YES;
				ENABLE_TESTABILITY = YES;
				GCC_C_LANGUAGE_STANDARD = gnu11;
				GCC_DYNAMIC_NO_PIC = NO;
				GCC_NO_COMMON_BLOCKS = YES;
				GCC_OPTIMIZATION_LEVEL = 0;
				GCC_PREPROCESSOR_DEFINITIONS = (
					"DEBUG=1",
					"$(inherited)",
				);
				GCC_WARN_64_TO_32_BIT_CONVERSION = YES;
				GCC_WARN_ABOUT_RETURN_TYPE = YES_ERROR;
				GCC_WARN_UNDECLARED_SELECTOR = YES;
				GCC_WARN_UNINITIALIZED_AUTOS = YES_AGGRESSIVE;
				GCC_WARN_UNUSED_FUNCTION = YES;
				GCC_WARN_UNUSED_VARIABLE = YES;
				IPHONEOS_DEPLOYMENT_TARGET = 14.5;
				MTL_ENABLE_DEBUG_INFO = INCLUDE_SOURCE;
				MTL_FAST_MATH = YES;
				ONLY_ACTIVE_ARCH = YES;
				SDKROOT = iphoneos;
				SWIFT_ACTIVE_COMPILATION_CONDITIONS = DEBUG;
				SWIFT_OPTIMIZATION_LEVEL = "-Onone";
			};
			name = Debug;
		};
		2CC7ACC126E9169300B4B239 /* Release */ = {
			isa = XCBuildConfiguration;
			buildSettings = {
				ALWAYS_SEARCH_USER_PATHS = NO;
				CLANG_ANALYZER_NONNULL = YES;
				CLANG_ANALYZER_NUMBER_OBJECT_CONVERSION = YES_AGGRESSIVE;
				CLANG_CXX_LANGUAGE_STANDARD = "gnu++14";
				CLANG_CXX_LIBRARY = "libc++";
				CLANG_ENABLE_MODULES = YES;
				CLANG_ENABLE_OBJC_ARC = YES;
				CLANG_ENABLE_OBJC_WEAK = YES;
				CLANG_WARN_BLOCK_CAPTURE_AUTORELEASING = YES;
				CLANG_WARN_BOOL_CONVERSION = YES;
				CLANG_WARN_COMMA = YES;
				CLANG_WARN_CONSTANT_CONVERSION = YES;
				CLANG_WARN_DEPRECATED_OBJC_IMPLEMENTATIONS = YES;
				CLANG_WARN_DIRECT_OBJC_ISA_USAGE = YES_ERROR;
				CLANG_WARN_DOCUMENTATION_COMMENTS = YES;
				CLANG_WARN_EMPTY_BODY = YES;
				CLANG_WARN_ENUM_CONVERSION = YES;
				CLANG_WARN_INFINITE_RECURSION = YES;
				CLANG_WARN_INT_CONVERSION = YES;
				CLANG_WARN_NON_LITERAL_NULL_CONVERSION = YES;
				CLANG_WARN_OBJC_IMPLICIT_RETAIN_SELF = YES;
				CLANG_WARN_OBJC_LITERAL_CONVERSION = YES;
				CLANG_WARN_OBJC_ROOT_CLASS = YES_ERROR;
				CLANG_WARN_QUOTED_INCLUDE_IN_FRAMEWORK_HEADER = YES;
				CLANG_WARN_RANGE_LOOP_ANALYSIS = YES;
				CLANG_WARN_STRICT_PROTOTYPES = YES;
				CLANG_WARN_SUSPICIOUS_MOVE = YES;
				CLANG_WARN_UNGUARDED_AVAILABILITY = YES_AGGRESSIVE;
				CLANG_WARN_UNREACHABLE_CODE = YES;
				CLANG_WARN__DUPLICATE_METHOD_MATCH = YES;
				COPY_PHASE_STRIP = NO;
				DEBUG_INFORMATION_FORMAT = "dwarf-with-dsym";
				ENABLE_NS_ASSERTIONS = NO;
				ENABLE_STRICT_OBJC_MSGSEND = YES;
				GCC_C_LANGUAGE_STANDARD = gnu11;
				GCC_NO_COMMON_BLOCKS = YES;
				GCC_WARN_64_TO_32_BIT_CONVERSION = YES;
				GCC_WARN_ABOUT_RETURN_TYPE = YES_ERROR;
				GCC_WARN_UNDECLARED_SELECTOR = YES;
				GCC_WARN_UNINITIALIZED_AUTOS = YES_AGGRESSIVE;
				GCC_WARN_UNUSED_FUNCTION = YES;
				GCC_WARN_UNUSED_VARIABLE = YES;
				IPHONEOS_DEPLOYMENT_TARGET = 14.5;
				MTL_ENABLE_DEBUG_INFO = NO;
				MTL_FAST_MATH = YES;
				SDKROOT = iphoneos;
				SWIFT_COMPILATION_MODE = wholemodule;
				SWIFT_OPTIMIZATION_LEVEL = "-O";
				VALIDATE_PRODUCT = YES;
			};
			name = Release;
		};
		2CC7ACC326E9169300B4B239 /* Debug */ = {
			isa = XCBuildConfiguration;
			buildSettings = {
				ASSETCATALOG_COMPILER_APPICON_NAME = AppIcon;
				ASSETCATALOG_COMPILER_GLOBAL_ACCENT_COLOR_NAME = AccentColor;
				CODE_SIGN_STYLE = Automatic;
				DEVELOPMENT_TEAM = PD89P3WJFF;
				INFOPLIST_FILE = ContactList/App/Info.plist;
				LD_RUNPATH_SEARCH_PATHS = (
					"$(inherited)",
					"@executable_path/Frameworks",
				);
				PRODUCT_BUNDLE_IDENTIFIER = ru.olegLysenko.ContactList;
				PRODUCT_NAME = "$(TARGET_NAME)";
				SWIFT_VERSION = 5.0;
				TARGETED_DEVICE_FAMILY = "1,2";
			};
			name = Debug;
		};
		2CC7ACC426E9169300B4B239 /* Release */ = {
			isa = XCBuildConfiguration;
			buildSettings = {
				ASSETCATALOG_COMPILER_APPICON_NAME = AppIcon;
				ASSETCATALOG_COMPILER_GLOBAL_ACCENT_COLOR_NAME = AccentColor;
				CODE_SIGN_STYLE = Automatic;
				DEVELOPMENT_TEAM = PD89P3WJFF;
				INFOPLIST_FILE = ContactList/App/Info.plist;
				LD_RUNPATH_SEARCH_PATHS = (
					"$(inherited)",
					"@executable_path/Frameworks",
				);
				PRODUCT_BUNDLE_IDENTIFIER = ru.olegLysenko.ContactList;
				PRODUCT_NAME = "$(TARGET_NAME)";
				SWIFT_VERSION = 5.0;
				TARGETED_DEVICE_FAMILY = "1,2";
			};
			name = Release;
		};
/* End XCBuildConfiguration section */

/* Begin XCConfigurationList section */
		2CC7ACA926E9169200B4B239 /* Build configuration list for PBXProject "ContactList" */ = {
			isa = XCConfigurationList;
			buildConfigurations = (
				2CC7ACC026E9169300B4B239 /* Debug */,
				2CC7ACC126E9169300B4B239 /* Release */,
			);
			defaultConfigurationIsVisible = 0;
			defaultConfigurationName = Release;
		};
		2CC7ACC226E9169300B4B239 /* Build configuration list for PBXNativeTarget "ContactList" */ = {
			isa = XCConfigurationList;
			buildConfigurations = (
				2CC7ACC326E9169300B4B239 /* Debug */,
				2CC7ACC426E9169300B4B239 /* Release */,
			);
			defaultConfigurationIsVisible = 0;
			defaultConfigurationName = Release;
		};
/* End XCConfigurationList section */
	};
	rootObject = 2CC7ACA626E9169200B4B239 /* Project object */;
}
